
Microsoft Visual Studio Solution File, Format Version 12.00
# Visual Studio Version 17
VisualStudioVersion = 17.1.31911.260
MinimumVisualStudioVersion = 10.0.40219.1
Project("{2150E333-8FDC-42A3-9474-1A3956D46DE8}") = "src", "src", "{DDBF7DBF-FA50-4311-A52A-8AC978CD417A}"
EndProject
Project("{9A19103F-16F7-4668-BE54-9A1E7A4F7556}") = "ZWave", "src\ZWave\ZWave.csproj", "{0DDB24D9-D40B-46C8-94D1-52787C6B4EF8}"
EndProject
Project("{9A19103F-16F7-4668-BE54-9A1E7A4F7556}") = "ZWave.Tests", "src\ZWave.Tests\ZWave.Tests.csproj", "{21EBC097-E7F1-4A0F-83B0-9EC78CB2D157}"
EndProject
Project("{2150E333-8FDC-42A3-9474-1A3956D46DE8}") = "Solution Items", "Solution Items", "{602EEBC3-5AB7-43DE-83CF-DECA112F40B7}"
	ProjectSection(SolutionItems) = preProject
		.editorconfig = .editorconfig
		.gitignore = .gitignore
		Directory.Build.props = Directory.Build.props
		Directory.Build.rsp = Directory.Build.rsp
		global.json = global.json
		LICENSE = LICENSE
		NuGet.config = NuGet.config
		README.md = README.md
		version.json = version.json
	EndProjectSection
EndProject
Global
	GlobalSection(SolutionConfigurationPlatforms) = preSolution
		Debug|Any CPU = Debug|Any CPU
		Release|Any CPU = Release|Any CPU
	EndGlobalSection
	GlobalSection(ProjectConfigurationPlatforms) = postSolution
		{0DDB24D9-D40B-46C8-94D1-52787C6B4EF8}.Debug|Any CPU.ActiveCfg = Debug|Any CPU
		{0DDB24D9-D40B-46C8-94D1-52787C6B4EF8}.Debug|Any CPU.Build.0 = Debug|Any CPU
		{0DDB24D9-D40B-46C8-94D1-52787C6B4EF8}.Release|Any CPU.ActiveCfg = Release|Any CPU
		{0DDB24D9-D40B-46C8-94D1-52787C6B4EF8}.Release|Any CPU.Build.0 = Release|Any CPU
		{21EBC097-E7F1-4A0F-83B0-9EC78CB2D157}.Debug|Any CPU.ActiveCfg = Debug|Any CPU
		{21EBC097-E7F1-4A0F-83B0-9EC78CB2D157}.Debug|Any CPU.Build.0 = Debug|Any CPU
		{21EBC097-E7F1-4A0F-83B0-9EC78CB2D157}.Release|Any CPU.ActiveCfg = Release|Any CPU
		{21EBC097-E7F1-4A0F-83B0-9EC78CB2D157}.Release|Any CPU.Build.0 = Release|Any CPU
	EndGlobalSection
	GlobalSection(SolutionProperties) = preSolution
		HideSolutionNode = FALSE
	EndGlobalSection
	GlobalSection(NestedProjects) = preSolution
		{0DDB24D9-D40B-46C8-94D1-52787C6B4EF8} = {DDBF7DBF-FA50-4311-A52A-8AC978CD417A}
		{21EBC097-E7F1-4A0F-83B0-9EC78CB2D157} = {DDBF7DBF-FA50-4311-A52A-8AC978CD417A}
	EndGlobalSection
	GlobalSection(ExtensibilityGlobals) = postSolution
		SolutionGuid = {3FF630D0-FE46-40C3-B360-5908CC951F13}
	EndGlobalSection
EndGlobal
